
Microsoft Visual Studio Solution File, Format Version 12.00
# Visual Studio 2013
VisualStudioVersion = 12.0.21005.1
MinimumVisualStudioVersion = 10.0.40219.1
Project("{FAE04EC0-301F-11D3-BF4B-00C04F79EFBC}") = "WebClient", "WebClient\WebClient.csproj", "{4C080F15-D0CE-4138-B4C6-BBAC68A76AD8}"
EndProject
Project("{FAE04EC0-301F-11D3-BF4B-00C04F79EFBC}") = "Tests", "Tests\Tests.csproj", "{321C8DAF-ED4D-4D1B-802E-9A5483738932}"
EndProject
Project("{FAE04EC0-301F-11D3-BF4B-00C04F79EFBC}") = "Application", "Application\Application.csproj", "{29D7AFC3-FD56-4C51-A01B-FD77CFDDDA4B}"
EndProject
Project("{FAE04EC0-301F-11D3-BF4B-00C04F79EFBC}") = "Data", "Data\Data.csproj", "{EFDEDDDB-DCBE-4C12-B984-FAD5C3301C82}"
EndProject
Global
	GlobalSection(SolutionConfigurationPlatforms) = preSolution
		Debug|Any CPU = Debug|Any CPU
		Release|Any CPU = Release|Any CPU
	EndGlobalSection
	GlobalSection(ProjectConfigurationPlatforms) = postSolution
		{4C080F15-D0CE-4138-B4C6-BBAC68A76AD8}.Debug|Any CPU.ActiveCfg = Debug|Any CPU
		{4C080F15-D0CE-4138-B4C6-BBAC68A76AD8}.Debug|Any CPU.Build.0 = Debug|Any CPU
		{4C080F15-D0CE-4138-B4C6-BBAC68A76AD8}.Release|Any CPU.ActiveCfg = Release|Any CPU
		{4C080F15-D0CE-4138-B4C6-BBAC68A76AD8}.Release|Any CPU.Build.0 = Release|Any CPU
		{321C8DAF-ED4D-4D1B-802E-9A5483738932}.Debug|Any CPU.ActiveCfg = Debug|Any CPU
		{321C8DAF-ED4D-4D1B-802E-9A5483738932}.Debug|Any CPU.Build.0 = Debug|Any CPU
		{321C8DAF-ED4D-4D1B-802E-9A5483738932}.Release|Any CPU.ActiveCfg = Release|Any CPU
		{321C8DAF-ED4D-4D1B-802E-9A5483738932}.Release|Any CPU.Build.0 = Release|Any CPU
		{29D7AFC3-FD56-4C51-A01B-FD77CFDDDA4B}.Debug|Any CPU.ActiveCfg = Debug|Any CPU
		{29D7AFC3-FD56-4C51-A01B-FD77CFDDDA4B}.Debug|Any CPU.Build.0 = Debug|Any CPU
		{29D7AFC3-FD56-4C51-A01B-FD77CFDDDA4B}.Release|Any CPU.ActiveCfg = Release|Any CPU
		{29D7AFC3-FD56-4C51-A01B-FD77CFDDDA4B}.Release|Any CPU.Build.0 = Release|Any CPU
		{EFDEDDDB-DCBE-4C12-B984-FAD5C3301C82}.Debug|Any CPU.ActiveCfg = Debug|Any CPU
		{EFDEDDDB-DCBE-4C12-B984-FAD5C3301C82}.Debug|Any CPU.Build.0 = Debug|Any CPU
		{EFDEDDDB-DCBE-4C12-B984-FAD5C3301C82}.Release|Any CPU.ActiveCfg = Release|Any CPU
		{EFDEDDDB-DCBE-4C12-B984-FAD5C3301C82}.Release|Any CPU.Build.0 = Release|Any CPU
	EndGlobalSection
	GlobalSection(SolutionProperties) = preSolution
		HideSolutionNode = FALSE
	EndGlobalSection
EndGlobal
